lockfileVersion: 5.3

importers:

  .:
    specifiers:
      lodash: ^4.17.5
    dependencies:
      lodash: 4.17.5

  packages/components:
    specifiers:
      lodash: ^4.17.15
    dependencies:
      lodash: 4.17.21

packages:

  /lodash/4.17.21:
    resolution: {integrity: sha512-v2kDEe57lecTulaDIuNTPy3Ry4gLGJ6Z1O3vE1krgXZNrsQ+LFTGHVxVjcXPs17LhbZVGedAJv8XZ1tvj5FvSg==}
    dev: false

  /lodash/4.17.5:
    resolution: {integrity: sha512-svL3uiZf1RwhH+cWrfZn3A4+U58wbP0tGVTLQPbjplZxZ8ROD9VLuNgsRniTlLe7OlSqR79RUehXgpBW/s0IQw==}
    dev: false
